dependencies:
  vue: 3.0.4
lockfileVersion: 5.2
packages:
  /@babel/helper-validator-identifier/7.12.11:
    dev: false
    resolution:
      integrity: sha1-yaHwIZF9y1zPDU5FPjmQIpgfye0=
      tarball: '@babel/helper-validator-identifier/download/@babel/helper-validator-identifier-7.12.11.tgz'
  /@babel/parser/7.12.11:
    dev: false
    engines:
      node: '>=6.0.0'
    hasBin: true
    resolution:
      integrity: sha1-nONZW810vFxGaQXobFNbiyUBHnk=
      tarball: '@babel/parser/download/@babel/parser-7.12.11.tgz'
  /@babel/types/7.12.12:
    dependencies:
      '@babel/helper-validator-identifier': 7.12.11
      lodash: 4.17.20
      to-fast-properties: 2.0.0
    dev: false
    resolution:
      integrity: sha1-Rgim7DE6u9h6+lUATTc60EqWwpk=
      tarball: '@babel/types/download/@babel/types-7.12.12.tgz?cache=0&sync_timestamp=1608805519732&other_urls=https%3A%2F%2Fregistry.npm.taobao.org%2F%40babel%2Ftypes%2Fdownload%2F%40babel%2Ftypes-7.12.12.tgz'
  /@vue/compiler-core/3.0.4:
    dependencies:
      '@babel/parser': 7.12.11
      '@babel/types': 7.12.12
      '@vue/shared': 3.0.4
      estree-walker: 2.0.2
      source-map: 0.6.1
    dev: false
    resolution:
      integrity: sha1-ASKspuraTLKLOe2TCvkXREdV4zA=
      tarball: '@vue/compiler-core/download/@vue/compiler-core-3.0.4.tgz'
  /@vue/compiler-dom/3.0.4:
    dependencies:
      '@vue/compiler-core': 3.0.4
      '@vue/shared': 3.0.4
    dev: false
    resolution:
      integrity: sha1-g0/UsVxWmM+fRQXCv7zMoFioQ+s=
      tarball: '@vue/compiler-dom/download/@vue/compiler-dom-3.0.4.tgz'
  /@vue/reactivity/3.0.4:
    dependencies:
      '@vue/shared': 3.0.4
    dev: false
    resolution:
      integrity: sha1-tlmd2CcadFlgoD8FdEzPeZG6XY0=
      tarball: '@vue/reactivity/download/@vue/reactivity-3.0.4.tgz'
  /@vue/runtime-core/3.0.4:
    dependencies:
      '@vue/reactivity': 3.0.4
      '@vue/shared': 3.0.4
    dev: false
    resolution:
      integrity: sha1-pbmgAVYLH9jAGkP2i3ZMVV3ng2w=
      tarball: '@vue/runtime-core/download/@vue/runtime-core-3.0.4.tgz'
  /@vue/runtime-dom/3.0.4:
    dependencies:
      '@vue/runtime-core': 3.0.4
      '@vue/shared': 3.0.4
      csstype: 2.6.14
    dev: false
    resolution:
      integrity: sha1-b4GuxUXyRRHSwooxWqM5FCC2nGg=
      tarball: '@vue/runtime-dom/download/@vue/runtime-dom-3.0.4.tgz'
  /@vue/shared/3.0.4:
    dev: false
    resolution:
      integrity: sha1-bcUPWTvf3qphg9HbwV4tRefGuLM=
      tarball: '@vue/shared/download/@vue/shared-3.0.4.tgz'
  /csstype/2.6.14:
    dev: false
    resolution:
      integrity: sha1-AEgipAUDRbVa1NzAC+HZzy9Clt4=
      tarball: csstype/download/csstype-2.6.14.tgz
  /estree-walker/2.0.2:
    dev: false
    resolution:
      integrity: sha1-UvAQF4wqTBF6d1fP6UKtt9LaTKw=
      tarball: estree-walker/download/estree-walker-2.0.2.tgz
  /lodash/4.17.20:
    dev: false
    resolution:
      integrity: sha1-tEqbYpe8tpjxxRo1RaKzs2jVnFI=
      tarball: lodash/download/lodash-4.17.20.tgz
  /source-map/0.6.1:
    dev: false
    engines:
      node: '>=0.10.0'
    resolution:
      integrity: sha1-dHIq8y6WFOnCh6jQu95IteLxomM=
      tarball: source-map/download/source-map-0.6.1.tgz
  /to-fast-properties/2.0.0:
    dev: false
    engines:
      node: '>=4'
    resolution:
      integrity: sha1-3F5pjL0HkmW8c+A3doGk5Og/YW4=
      tarball: to-fast-properties/download/to-fast-properties-2.0.0.tgz
  /vue/3.0.4:
    dependencies:
      '@vue/compiler-dom': 3.0.4
      '@vue/runtime-dom': 3.0.4
      '@vue/shared': 3.0.4
    dev: false
    resolution:
      integrity: sha1-hyxlwUP1cXvVOHxhYT2fVfTMD0M=
      tarball: vue/download/vue-3.0.4.tgz
specifiers:
  vue: ^3.0.4
